
Microsoft Visual Studio Solution File, Format Version 12.00
# Visual Studio Version 16
VisualStudioVersion = 16.0.30225.117
MinimumVisualStudioVersion = 10.0.40219.1
Project("{FAE04EC0-301F-11D3-BF4B-00C04F79EFBC}") = "relaxgym.api", "relaxgym.api\relaxgym.api.csproj", "{666DE0C6-5F48-4788-B3EF-D33D20905AC3}"
EndProject
Global
	GlobalSection(SolutionConfigurationPlatforms) = preSolution
		Debug|Any CPU = Debug|Any CPU
		Release|Any CPU = Release|Any CPU
	EndGlobalSection
	GlobalSection(ProjectConfigurationPlatforms) = postSolution
		{666DE0C6-5F48-4788-B3EF-D33D20905AC3}.Debug|Any CPU.ActiveCfg = Debug|Any CPU
		{666DE0C6-5F48-4788-B3EF-D33D20905AC3}.Debug|Any CPU.Build.0 = Debug|Any CPU
		{666DE0C6-5F48-4788-B3EF-D33D20905AC3}.Release|Any CPU.ActiveCfg = Release|Any CPU
		{666DE0C6-5F48-4788-B3EF-D33D20905AC3}.Release|Any CPU.Build.0 = Release|Any CPU
	EndGlobalSection
	GlobalSection(SolutionProperties) = preSolution
		HideSolutionNode = FALSE
	EndGlobalSection
	GlobalSection(ExtensibilityGlobals) = postSolution
		SolutionGuid = {F965481C-02B9-4F1B-8D86-3C3CA6BAD910}
	EndGlobalSection
EndGlobal
